
Microsoft Visual Studio Solution File, Format Version 12.00
# Visual Studio 15
VisualStudioVersion = 15.0.27130.2010
MinimumVisualStudioVersion = 10.0.40219.1
Project("{8BC9CEB8-8B4A-11D0-8D11-00A0C91BC942}") = "235 Lab 3 - Iterators", "235 Lab 3 - Iterators\235 Lab 3 - Iterators.vcxproj", "{9E8F31FE-A294-4FAC-B245-9E8F9A138A90}"
EndProject
Global
	GlobalSection(SolutionConfigurationPlatforms) = preSolution
		Debug|x64 = Debug|x64
		Debug|x86 = Debug|x86
		Release|x64 = Release|x64
		Release|x86 = Release|x86
	EndGlobalSection
	GlobalSection(ProjectConfigurationPlatforms) = postSolution
		{9E8F31FE-A294-4FAC-B245-9E8F9A138A90}.Debug|x64.ActiveCfg = Debug|x64
		{9E8F31FE-A294-4FAC-B245-9E8F9A138A90}.Debug|x64.Build.0 = Debug|x64
		{9E8F31FE-A294-4FAC-B245-9E8F9A138A90}.Debug|x86.ActiveCfg = Debug|Win32
		{9E8F31FE-A294-4FAC-B245-9E8F9A138A90}.Debug|x86.Build.0 = Debug|Win32
		{9E8F31FE-A294-4FAC-B245-9E8F9A138A90}.Release|x64.ActiveCfg = Release|x64
		{9E8F31FE-A294-4FAC-B245-9E8F9A138A90}.Release|x64.Build.0 = Release|x64
		{9E8F31FE-A294-4FAC-B245-9E8F9A138A90}.Release|x86.ActiveCfg = Release|Win32
		{9E8F31FE-A294-4FAC-B245-9E8F9A138A90}.Release|x86.Build.0 = Release|Win32
	EndGlobalSection
	GlobalSection(SolutionProperties) = preSolution
		HideSolutionNode = FALSE
	EndGlobalSection
	GlobalSection(ExtensibilityGlobals) = postSolution
		SolutionGuid = {B51D8C1B-281A-4071-B3BF-0B9D123D0B12}
	EndGlobalSection
EndGlobal
